
Microsoft Visual Studio Solution File, Format Version 12.00
# Visual Studio 15
VisualStudioVersion = 15.0.26124.0
MinimumVisualStudioVersion = 15.0.26124.0
Project("{FAE04EC0-301F-11D3-BF4B-00C04F79EFBC}") = "PacMan", "PacMan\PacMan.csproj", "{2BF1572F-647B-426E-82CC-C02CCDCAC25B}"
EndProject
Project("{FAE04EC0-301F-11D3-BF4B-00C04F79EFBC}") = "PacMan.Tests", "PacMan.Tests\PacMan.Tests.csproj", "{F23B60CD-CE5C-4962-BC35-818B70CA9891}"
EndProject
Global
	GlobalSection(SolutionConfigurationPlatforms) = preSolution
		Debug|Any CPU = Debug|Any CPU
		Debug|x64 = Debug|x64
		Debug|x86 = Debug|x86
		Release|Any CPU = Release|Any CPU
		Release|x64 = Release|x64
		Release|x86 = Release|x86
	EndGlobalSection
	GlobalSection(SolutionProperties) = preSolution
		HideSolutionNode = FALSE
	EndGlobalSection
	GlobalSection(ProjectConfigurationPlatforms) = postSolution
		{2BF1572F-647B-426E-82CC-C02CCDCAC25B}.Debug|Any CPU.ActiveCfg = Debug|Any CPU
		{2BF1572F-647B-426E-82CC-C02CCDCAC25B}.Debug|Any CPU.Build.0 = Debug|Any CPU
		{2BF1572F-647B-426E-82CC-C02CCDCAC25B}.Debug|x64.ActiveCfg = Debug|Any CPU
		{2BF1572F-647B-426E-82CC-C02CCDCAC25B}.Debug|x64.Build.0 = Debug|Any CPU
		{2BF1572F-647B-426E-82CC-C02CCDCAC25B}.Debug|x86.ActiveCfg = Debug|Any CPU
		{2BF1572F-647B-426E-82CC-C02CCDCAC25B}.Debug|x86.Build.0 = Debug|Any CPU
		{2BF1572F-647B-426E-82CC-C02CCDCAC25B}.Release|Any CPU.ActiveCfg = Release|Any CPU
		{2BF1572F-647B-426E-82CC-C02CCDCAC25B}.Release|Any CPU.Build.0 = Release|Any CPU
		{2BF1572F-647B-426E-82CC-C02CCDCAC25B}.Release|x64.ActiveCfg = Release|Any CPU
		{2BF1572F-647B-426E-82CC-C02CCDCAC25B}.Release|x64.Build.0 = Release|Any CPU
		{2BF1572F-647B-426E-82CC-C02CCDCAC25B}.Release|x86.ActiveCfg = Release|Any CPU
		{2BF1572F-647B-426E-82CC-C02CCDCAC25B}.Release|x86.Build.0 = Release|Any CPU
		{F23B60CD-CE5C-4962-BC35-818B70CA9891}.Debug|Any CPU.ActiveCfg = Debug|Any CPU
		{F23B60CD-CE5C-4962-BC35-818B70CA9891}.Debug|Any CPU.Build.0 = Debug|Any CPU
		{F23B60CD-CE5C-4962-BC35-818B70CA9891}.Debug|x64.ActiveCfg = Debug|Any CPU
		{F23B60CD-CE5C-4962-BC35-818B70CA9891}.Debug|x64.Build.0 = Debug|Any CPU
		{F23B60CD-CE5C-4962-BC35-818B70CA9891}.Debug|x86.ActiveCfg = Debug|Any CPU
		{F23B60CD-CE5C-4962-BC35-818B70CA9891}.Debug|x86.Build.0 = Debug|Any CPU
		{F23B60CD-CE5C-4962-BC35-818B70CA9891}.Release|Any CPU.ActiveCfg = Release|Any CPU
		{F23B60CD-CE5C-4962-BC35-818B70CA9891}.Release|Any CPU.Build.0 = Release|Any CPU
		{F23B60CD-CE5C-4962-BC35-818B70CA9891}.Release|x64.ActiveCfg = Release|Any CPU
		{F23B60CD-CE5C-4962-BC35-818B70CA9891}.Release|x64.Build.0 = Release|Any CPU
		{F23B60CD-CE5C-4962-BC35-818B70CA9891}.Release|x86.ActiveCfg = Release|Any CPU
		{F23B60CD-CE5C-4962-BC35-818B70CA9891}.Release|x86.Build.0 = Release|Any CPU
	EndGlobalSection
EndGlobal
